
Microsoft Visual Studio Solution File, Format Version 12.00
# Visual Studio Version 17
VisualStudioVersion = 17.8.34601.278
MinimumVisualStudioVersion = 10.0.40219.1
Project("{FAE04EC0-301F-11D3-BF4B-00C04F79EFBC}") = "PerimetroYArea", "PerimetroYArea\PerimetroYArea.csproj", "{A569EC05-CFCA-45DE-BC4C-C16733148430}"
EndProject
Global
	GlobalSection(SolutionConfigurationPlatforms) = preSolution
		Debug|Any CPU = Debug|Any CPU
		Release|Any CPU = Release|Any CPU
	EndGlobalSection
	GlobalSection(ProjectConfigurationPlatforms) = postSolution
		{A569EC05-CFCA-45DE-BC4C-C16733148430}.Debug|Any CPU.ActiveCfg = Debug|Any CPU
		{A569EC05-CFCA-45DE-BC4C-C16733148430}.Debug|Any CPU.Build.0 = Debug|Any CPU
		{A569EC05-CFCA-45DE-BC4C-C16733148430}.Release|Any CPU.ActiveCfg = Release|Any CPU
		{A569EC05-CFCA-45DE-BC4C-C16733148430}.Release|Any CPU.Build.0 = Release|Any CPU
	EndGlobalSection
	GlobalSection(SolutionProperties) = preSolution
		HideSolutionNode = FALSE
	EndGlobalSection
	GlobalSection(ExtensibilityGlobals) = postSolution
		SolutionGuid = {CFD2FDD2-5C78-4A2E-81CF-12A9E278054D}
	EndGlobalSection
EndGlobal
